
Microsoft Visual Studio Solution File, Format Version 11.00
# Visual Studio 2010
Project("{FAE04EC0-301F-11D3-BF4B-00C04F79EFBC}") = "challengeCup", "Assembly-CSharp.csproj", "{A08683E6-97DE-8768-D765-31630D1D2D5D}"
EndProject
Project("{FAE04EC0-301F-11D3-BF4B-00C04F79EFBC}") = "challengeCup", "Assembly-CSharp-Editor.csproj", "{8D13574A-5793-AEE1-F7EA-B82203CDBF18}"
EndProject
Global
	GlobalSection(SolutionConfigurationPlatforms) = preSolution
		Debug|Any CPU = Debug|Any CPU
		Release|Any CPU = Release|Any CPU
	EndGlobalSection
	GlobalSection(ProjectConfigurationPlatforms) = postSolution
		{A08683E6-97DE-8768-D765-31630D1D2D5D}.Debug|Any CPU.ActiveCfg = Debug|Any CPU
		{A08683E6-97DE-8768-D765-31630D1D2D5D}.Debug|Any CPU.Build.0 = Debug|Any CPU
		{A08683E6-97DE-8768-D765-31630D1D2D5D}.Release|Any CPU.ActiveCfg = Release|Any CPU
		{A08683E6-97DE-8768-D765-31630D1D2D5D}.Release|Any CPU.Build.0 = Release|Any CPU
		{8D13574A-5793-AEE1-F7EA-B82203CDBF18}.Debug|Any CPU.ActiveCfg = Debug|Any CPU
		{8D13574A-5793-AEE1-F7EA-B82203CDBF18}.Debug|Any CPU.Build.0 = Debug|Any CPU
		{8D13574A-5793-AEE1-F7EA-B82203CDBF18}.Release|Any CPU.ActiveCfg = Release|Any CPU
		{8D13574A-5793-AEE1-F7EA-B82203CDBF18}.Release|Any CPU.Build.0 = Release|Any CPU
	EndGlobalSection
	GlobalSection(SolutionProperties) = preSolution
		HideSolutionNode = FALSE
	EndGlobalSection
	GlobalSection(MonoDevelopProperties) = preSolution
		StartupItem = Assembly-CSharp.csproj
	EndGlobalSection
EndGlobal
